
Microsoft Visual Studio Solution File, Format Version 12.00
# Visual Studio Version 17
VisualStudioVersion = 17.0.31912.275
MinimumVisualStudioVersion = 10.0.40219.1
Project("{9A19103F-16F7-4668-BE54-9A1E7A4F7556}") = "DoctorAppointment.Entities", "DoctorAppointment.Entities\DoctorAppointment.Entities.csproj", "{9A433E45-591B-4ACA-B7CE-3C00022A6AD7}"
EndProject
Project("{2150E333-8FDC-42A3-9474-1A3956D46DE8}") = "Src", "Src", "{76B67215-9459-4281-B109-57C4B8B5E4DE}"
EndProject
Project("{2150E333-8FDC-42A3-9474-1A3956D46DE8}") = "Tests", "Tests", "{D7A76C62-3339-465E-8935-E59E96A52A44}"
EndProject
Project("{FAE04EC0-301F-11D3-BF4B-00C04F79EFBC}") = "DoctorAppointment.Infrastructure", "DoctorAppointment.Infrastructure\DoctorAppointment.Infrastructure.csproj", "{54C008D6-8308-41C8-989C-0EFFCE8CA6B1}"
EndProject
Project("{FAE04EC0-301F-11D3-BF4B-00C04F79EFBC}") = "DoctorAppointment.Migrations", "DoctorAppointment.Migrations\DoctorAppointment.Migrations.csproj", "{0A54509F-A01B-45CF-814A-33DFE7F5F2B5}"
EndProject
Project("{FAE04EC0-301F-11D3-BF4B-00C04F79EFBC}") = "DoctorAppointment.Persistence.EF", "DoctorAppointment.Persistence.EF\DoctorAppointment.Persistence.EF.csproj", "{66AEA527-4E5D-45E3-A2CA-9C46E6EEAF14}"
EndProject
Project("{FAE04EC0-301F-11D3-BF4B-00C04F79EFBC}") = "DoctorAppointment.Services", "DoctorAppointment.Services\DoctorAppointment.Services.csproj", "{9A7EDBBA-19E6-4FE6-850E-D74E523D2F17}"
EndProject
Project("{FAE04EC0-301F-11D3-BF4B-00C04F79EFBC}") = "DoctorAppointment.RestAPI", "DoctorAppointment.RestAPI\DoctorAppointment.RestAPI.csproj", "{5B8C92CC-F6B9-4DE3-B0B2-56101CE3821D}"
EndProject
Project("{FAE04EC0-301F-11D3-BF4B-00C04F79EFBC}") = "DoctorAppointment.Services.Test.Unit", "DoctorAppointment.Services.Test.Unit\DoctorAppointment.Services.Test.Unit.csproj", "{ED6B3558-733D-4B8E-9C37-66F907CAF94C}"
EndProject
Project("{FAE04EC0-301F-11D3-BF4B-00C04F79EFBC}") = "DoctorAppointment.Tests.Tools", "DoctorAppointment.Tests.Tools\DoctorAppointment.Tests.Tools.csproj", "{087832D4-2B93-4CAA-8482-63C3CFC425BF}"
EndProject
Global
	GlobalSection(SolutionConfigurationPlatforms) = preSolution
		Debug|Any CPU = Debug|Any CPU
		Release|Any CPU = Release|Any CPU
	EndGlobalSection
	GlobalSection(ProjectConfigurationPlatforms) = postSolution
		{9A433E45-591B-4ACA-B7CE-3C00022A6AD7}.Debug|Any CPU.ActiveCfg = Debug|Any CPU
		{9A433E45-591B-4ACA-B7CE-3C00022A6AD7}.Debug|Any CPU.Build.0 = Debug|Any CPU
		{9A433E45-591B-4ACA-B7CE-3C00022A6AD7}.Release|Any CPU.ActiveCfg = Release|Any CPU
		{9A433E45-591B-4ACA-B7CE-3C00022A6AD7}.Release|Any CPU.Build.0 = Release|Any CPU
		{54C008D6-8308-41C8-989C-0EFFCE8CA6B1}.Debug|Any CPU.ActiveCfg = Debug|Any CPU
		{54C008D6-8308-41C8-989C-0EFFCE8CA6B1}.Debug|Any CPU.Build.0 = Debug|Any CPU
		{54C008D6-8308-41C8-989C-0EFFCE8CA6B1}.Release|Any CPU.ActiveCfg = Release|Any CPU
		{54C008D6-8308-41C8-989C-0EFFCE8CA6B1}.Release|Any CPU.Build.0 = Release|Any CPU
		{0A54509F-A01B-45CF-814A-33DFE7F5F2B5}.Debug|Any CPU.ActiveCfg = Debug|Any CPU
		{0A54509F-A01B-45CF-814A-33DFE7F5F2B5}.Debug|Any CPU.Build.0 = Debug|Any CPU
		{0A54509F-A01B-45CF-814A-33DFE7F5F2B5}.Release|Any CPU.ActiveCfg = Release|Any CPU
		{0A54509F-A01B-45CF-814A-33DFE7F5F2B5}.Release|Any CPU.Build.0 = Release|Any CPU
		{66AEA527-4E5D-45E3-A2CA-9C46E6EEAF14}.Debug|Any CPU.ActiveCfg = Debug|Any CPU
		{66AEA527-4E5D-45E3-A2CA-9C46E6EEAF14}.Debug|Any CPU.Build.0 = Debug|Any CPU
		{66AEA527-4E5D-45E3-A2CA-9C46E6EEAF14}.Release|Any CPU.ActiveCfg = Release|Any CPU
		{66AEA527-4E5D-45E3-A2CA-9C46E6EEAF14}.Release|Any CPU.Build.0 = Release|Any CPU
		{9A7EDBBA-19E6-4FE6-850E-D74E523D2F17}.Debug|Any CPU.ActiveCfg = Debug|Any CPU
		{9A7EDBBA-19E6-4FE6-850E-D74E523D2F17}.Debug|Any CPU.Build.0 = Debug|Any CPU
		{9A7EDBBA-19E6-4FE6-850E-D74E523D2F17}.Release|Any CPU.ActiveCfg = Release|Any CPU
		{9A7EDBBA-19E6-4FE6-850E-D74E523D2F17}.Release|Any CPU.Build.0 = Release|Any CPU
		{5B8C92CC-F6B9-4DE3-B0B2-56101CE3821D}.Debug|Any CPU.ActiveCfg = Debug|Any CPU
		{5B8C92CC-F6B9-4DE3-B0B2-56101CE3821D}.Debug|Any CPU.Build.0 = Debug|Any CPU
		{5B8C92CC-F6B9-4DE3-B0B2-56101CE3821D}.Release|Any CPU.ActiveCfg = Release|Any CPU
		{5B8C92CC-F6B9-4DE3-B0B2-56101CE3821D}.Release|Any CPU.Build.0 = Release|Any CPU
		{ED6B3558-733D-4B8E-9C37-66F907CAF94C}.Debug|Any CPU.ActiveCfg = Debug|Any CPU
		{ED6B3558-733D-4B8E-9C37-66F907CAF94C}.Debug|Any CPU.Build.0 = Debug|Any CPU
		{ED6B3558-733D-4B8E-9C37-66F907CAF94C}.Release|Any CPU.ActiveCfg = Release|Any CPU
		{ED6B3558-733D-4B8E-9C37-66F907CAF94C}.Release|Any CPU.Build.0 = Release|Any CPU
		{087832D4-2B93-4CAA-8482-63C3CFC425BF}.Debug|Any CPU.ActiveCfg = Debug|Any CPU
		{087832D4-2B93-4CAA-8482-63C3CFC425BF}.Debug|Any CPU.Build.0 = Debug|Any CPU
		{087832D4-2B93-4CAA-8482-63C3CFC425BF}.Release|Any CPU.ActiveCfg = Release|Any CPU
		{087832D4-2B93-4CAA-8482-63C3CFC425BF}.Release|Any CPU.Build.0 = Release|Any CPU
	EndGlobalSection
	GlobalSection(SolutionProperties) = preSolution
		HideSolutionNode = FALSE
	EndGlobalSection
	GlobalSection(NestedProjects) = preSolution
		{9A433E45-591B-4ACA-B7CE-3C00022A6AD7} = {76B67215-9459-4281-B109-57C4B8B5E4DE}
		{54C008D6-8308-41C8-989C-0EFFCE8CA6B1} = {76B67215-9459-4281-B109-57C4B8B5E4DE}
		{0A54509F-A01B-45CF-814A-33DFE7F5F2B5} = {76B67215-9459-4281-B109-57C4B8B5E4DE}
		{66AEA527-4E5D-45E3-A2CA-9C46E6EEAF14} = {76B67215-9459-4281-B109-57C4B8B5E4DE}
		{9A7EDBBA-19E6-4FE6-850E-D74E523D2F17} = {76B67215-9459-4281-B109-57C4B8B5E4DE}
		{5B8C92CC-F6B9-4DE3-B0B2-56101CE3821D} = {76B67215-9459-4281-B109-57C4B8B5E4DE}
		{ED6B3558-733D-4B8E-9C37-66F907CAF94C} = {D7A76C62-3339-465E-8935-E59E96A52A44}
		{087832D4-2B93-4CAA-8482-63C3CFC425BF} = {D7A76C62-3339-465E-8935-E59E96A52A44}
	EndGlobalSection
	GlobalSection(ExtensibilityGlobals) = postSolution
		SolutionGuid = {A485D70B-6188-4DE7-8E5F-5E48F7BBAB54}
	EndGlobalSection
EndGlobal
